{
    "_meta": {
        "hash": {
            "sha256": "e1bd2eb152ebc1357eaf8d4cf19fa89a42544e55c9eb922f277d72f7dfc73a56"
        },
        "pipfile-spec": 6,
        "requires": {
            "python_version": "3.11"
        },
        "sources": [
            {
                "name": "pypi",
                "url": "https://pypi.org/simple",
                "verify_ssl": true
            }
        ]
    },
    "default": {
        "bottle": {
            "hashes": [
                "sha256:2480121a73e87380989b77e32bd2092d190e7ea7d71e6f1b8f7af7eab9d54ea3",
                "sha256:fa88c66413ab07b5046545ac6e47a967d582143aef87f2c0fb0ef571d9977b5e"
            ],
            "index": "pypi",
            "version": "==0.12.24"
        }
    },
    "develop": {}
}
